
Microsoft Visual Studio Solution File, Format Version 12.00
# Visual Studio 15
VisualStudioVersion = 15.0.27428.2043
MinimumVisualStudioVersion = 10.0.40219.1
Project("{FAE04EC0-301F-11D3-BF4B-00C04F79EFBC}") = "Aquaponie App", "Aquaponie App\Aquaponie App.csproj", "{1E933936-BF9E-480B-8FFF-7828A8AAAA19}"
EndProject
Global
	GlobalSection(SolutionConfigurationPlatforms) = preSolution
		Debug|Any CPU = Debug|Any CPU
		Release|Any CPU = Release|Any CPU
	EndGlobalSection
	GlobalSection(ProjectConfigurationPlatforms) = postSolution
		{1E933936-BF9E-480B-8FFF-7828A8AAAA19}.Debug|Any CPU.ActiveCfg = Debug|Any CPU
		{1E933936-BF9E-480B-8FFF-7828A8AAAA19}.Debug|Any CPU.Build.0 = Debug|Any CPU
		{1E933936-BF9E-480B-8FFF-7828A8AAAA19}.Release|Any CPU.ActiveCfg = Release|Any CPU
		{1E933936-BF9E-480B-8FFF-7828A8AAAA19}.Release|Any CPU.Build.0 = Release|Any CPU
	EndGlobalSection
	GlobalSection(SolutionProperties) = preSolution
		HideSolutionNode = FALSE
	EndGlobalSection
	GlobalSection(ExtensibilityGlobals) = postSolution
		SolutionGuid = {A5C64A0D-1952-4D26-B268-08ECF97124C6}
	EndGlobalSection
EndGlobal
